
Microsoft Visual Studio Solution File, Format Version 12.00
# Visual Studio Version 17
VisualStudioVersion = 17.1.32428.221
MinimumVisualStudioVersion = 10.0.40219.1
Project("{FAE04EC0-301F-11D3-BF4B-00C04F79EFBC}") = "DAL", "DAL\DAL.csproj", "{CF8B8811-27A2-45E9-BD0B-4FBF0FC7A99D}"
EndProject
Project("{FAE04EC0-301F-11D3-BF4B-00C04F79EFBC}") = "BLL", "BLL\BLL.csproj", "{50B14286-21DF-46DF-B838-7AAAE85024A8}"
EndProject
Project("{FAE04EC0-301F-11D3-BF4B-00C04F79EFBC}") = "Website", "Website\Website.csproj", "{294F5771-6645-448C-87AA-6804D02F2D67}"
EndProject
Global
	GlobalSection(SolutionConfigurationPlatforms) = preSolution
		Debug|Any CPU = Debug|Any CPU
		Release|Any CPU = Release|Any CPU
	EndGlobalSection
	GlobalSection(ProjectConfigurationPlatforms) = postSolution
		{CF8B8811-27A2-45E9-BD0B-4FBF0FC7A99D}.Debug|Any CPU.ActiveCfg = Debug|Any CPU
		{CF8B8811-27A2-45E9-BD0B-4FBF0FC7A99D}.Debug|Any CPU.Build.0 = Debug|Any CPU
		{CF8B8811-27A2-45E9-BD0B-4FBF0FC7A99D}.Release|Any CPU.ActiveCfg = Release|Any CPU
		{CF8B8811-27A2-45E9-BD0B-4FBF0FC7A99D}.Release|Any CPU.Build.0 = Release|Any CPU
		{50B14286-21DF-46DF-B838-7AAAE85024A8}.Debug|Any CPU.ActiveCfg = Debug|Any CPU
		{50B14286-21DF-46DF-B838-7AAAE85024A8}.Debug|Any CPU.Build.0 = Debug|Any CPU
		{50B14286-21DF-46DF-B838-7AAAE85024A8}.Release|Any CPU.ActiveCfg = Release|Any CPU
		{50B14286-21DF-46DF-B838-7AAAE85024A8}.Release|Any CPU.Build.0 = Release|Any CPU
		{294F5771-6645-448C-87AA-6804D02F2D67}.Debug|Any CPU.ActiveCfg = Debug|Any CPU
		{294F5771-6645-448C-87AA-6804D02F2D67}.Debug|Any CPU.Build.0 = Debug|Any CPU
		{294F5771-6645-448C-87AA-6804D02F2D67}.Release|Any CPU.ActiveCfg = Release|Any CPU
		{294F5771-6645-448C-87AA-6804D02F2D67}.Release|Any CPU.Build.0 = Release|Any CPU
	EndGlobalSection
	GlobalSection(SolutionProperties) = preSolution
		HideSolutionNode = FALSE
	EndGlobalSection
	GlobalSection(ExtensibilityGlobals) = postSolution
		SolutionGuid = {4C0679C8-2AA9-4BDE-B6D8-61C09342B005}
	EndGlobalSection
EndGlobal
